PODS:
  - EYShareTools (0.0.2):
    - EYShareTools/EY_vendored_libs (= 0.0.2)
    - Masonry
  - EYShareTools/EY_vendored_libs (0.0.2):
    - EYShareTools/EY_vendored_libs/libWeiboSDK_3.2.3 (= 0.0.2)
    - EYShareTools/EY_vendored_libs/TencentOpenAPI_3.3.3 (= 0.0.2)
    - EYShareTools/EY_vendored_libs/WeChatSDK_1.8.6.1 (= 0.0.2)
    - Masonry
  - EYShareTools/EY_vendored_libs/libWeiboSDK_3.2.3 (0.0.2):
    - Masonry
  - EYShareTools/EY_vendored_libs/TencentOpenAPI_3.3.3 (0.0.2):
    - Masonry
  - EYShareTools/EY_vendored_libs/WeChatSDK_1.8.6.1 (0.0.2):
    - Masonry
  - Masonry (1.1.0)
  - YYModel (1.0.4)

DEPENDENCIES:
  - EYShareTools (from `../`)
  - Masonry
  - YYModel

SPEC REPOS:
  https://github.com/cocoapods/specs.git:
    - Masonry
    - YYModel

EXTERNAL SOURCES:
  EYShareTools:
    :path: "../"

SPEC CHECKSUMS:
  EYShareTools: d51843a2814ac47451b05fc7e2f20829b9790377
  Masonry: 678fab65091a9290e40e2832a55e7ab731aad201
  YYModel: 2a7fdd96aaa4b86a824e26d0c517de8928c04b30

PODFILE CHECKSUM: 154e6175f924bf6a1a249e62a4156146c575d73c

COCOAPODS: 1.7.2
